
Microsoft Visual Studio Solution File, Format Version 12.00
# Visual Studio Version 17
VisualStudioVersion = 17.4.33213.308
MinimumVisualStudioVersion = 10.0.40219.1
Project("{9A19103F-16F7-4668-BE54-9A1E7A4F7556}") = "ContosPizza", "ContosPizza.csproj", "{4D494B4A-236F-4131-B05D-0D750758189C}"
EndProject
Global
	GlobalSection(SolutionConfigurationPlatforms) = preSolution
		Debug|Any CPU = Debug|Any CPU
		Release|Any CPU = Release|Any CPU
	EndGlobalSection
	GlobalSection(ProjectConfigurationPlatforms) = postSolution
		{4D494B4A-236F-4131-B05D-0D750758189C}.Debug|Any CPU.ActiveCfg = Debug|Any CPU
		{4D494B4A-236F-4131-B05D-0D750758189C}.Debug|Any CPU.Build.0 = Debug|Any CPU
		{4D494B4A-236F-4131-B05D-0D750758189C}.Release|Any CPU.ActiveCfg = Release|Any CPU
		{4D494B4A-236F-4131-B05D-0D750758189C}.Release|Any CPU.Build.0 = Release|Any CPU
	EndGlobalSection
	GlobalSection(SolutionProperties) = preSolution
		HideSolutionNode = FALSE
	EndGlobalSection
	GlobalSection(ExtensibilityGlobals) = postSolution
		SolutionGuid = {B4DF3157-6BB3-46B1-BE8B-78E7D56C43C8}
	EndGlobalSection
EndGlobal
